{
  "name": "stream-sac",
  "version": "1.6.0",
  "lockfileVersion": 1,
  "requires": true,
  "dependencies": {
    "is-whitespace-character": {
      "version": "2.0.0",
      "resolved": "https://registry.npmjs.org/is-whitespace-character/-/is-whitespace-character-2.0.0.tgz",
      "integrity": "sha512-7Zd42uq/TmbJuad7VhFVlNK6CMINV87Gyt72nkNywuBRDCCFkLXM5C+KyxkfuZEaAicXTK8SUor2ppm4i4vpOw=="
    }
  }
}
